
Microsoft Visual Studio Solution File, Format Version 12.00
# Visual Studio Version 17
VisualStudioVersion = 17.3.32611.2
MinimumVisualStudioVersion = 10.0.40219.1
Project("{9A19103F-16F7-4668-BE54-9A1E7A4F7556}") = "FunctionApp12", "FunctionApp12\FunctionApp12.csproj", "{8107D78A-EDC1-4D9E-BD07-D76BA29B5ADE}"
EndProject
Global
	GlobalSection(SolutionConfigurationPlatforms) = preSolution
		Debug|Any CPU = Debug|Any CPU
		Release|Any CPU = Release|Any CPU
	EndGlobalSection
	GlobalSection(ProjectConfigurationPlatforms) = postSolution
		{8107D78A-EDC1-4D9E-BD07-D76BA29B5ADE}.Debug|Any CPU.ActiveCfg = Debug|Any CPU
		{8107D78A-EDC1-4D9E-BD07-D76BA29B5ADE}.Debug|Any CPU.Build.0 = Debug|Any CPU
		{8107D78A-EDC1-4D9E-BD07-D76BA29B5ADE}.Release|Any CPU.ActiveCfg = Release|Any CPU
		{8107D78A-EDC1-4D9E-BD07-D76BA29B5ADE}.Release|Any CPU.Build.0 = Release|Any CPU
	EndGlobalSection
	GlobalSection(SolutionProperties) = preSolution
		HideSolutionNode = FALSE
	EndGlobalSection
	GlobalSection(ExtensibilityGlobals) = postSolution
		SolutionGuid = {593C4809-E5CC-4B2D-9B11-870CE5440A06}
	EndGlobalSection
EndGlobal
